
Microsoft Visual Studio Solution File, Format Version 12.00
# Visual Studio Version 16
VisualStudioVersion = 16.0.30907.101
MinimumVisualStudioVersion = 10.0.40219.1
Project("{FAE04EC0-301F-11D3-BF4B-00C04F79EFBC}") = "BussinessManager", "BussinessManager\BussinessManager.csproj", "{AD3873C1-8B91-42B8-BFA0-C92C27898D43}"
EndProject
Project("{FAE04EC0-301F-11D3-BF4B-00C04F79EFBC}") = "UnitTests", "UnitTests\UnitTests.csproj", "{6E7D0975-DCDD-43A0-AB9D-29BAF6350811}"
EndProject
Project("{FAE04EC0-301F-11D3-BF4B-00C04F79EFBC}") = "ProductRevisionAppWPF", "ProductRevisionAppWPF\ProductRevisionAppWPF.csproj", "{29B6B574-9E44-4E9E-AFD2-6E08AF72B8DF}"
EndProject
Global
	GlobalSection(SolutionConfigurationPlatforms) = preSolution
		Debug|Any CPU = Debug|Any CPU
		Release|Any CPU = Release|Any CPU
	EndGlobalSection
	GlobalSection(ProjectConfigurationPlatforms) = postSolution
		{AD3873C1-8B91-42B8-BFA0-C92C27898D43}.Debug|Any CPU.ActiveCfg = Debug|Any CPU
		{AD3873C1-8B91-42B8-BFA0-C92C27898D43}.Debug|Any CPU.Build.0 = Debug|Any CPU
		{AD3873C1-8B91-42B8-BFA0-C92C27898D43}.Release|Any CPU.ActiveCfg = Release|Any CPU
		{AD3873C1-8B91-42B8-BFA0-C92C27898D43}.Release|Any CPU.Build.0 = Release|Any CPU
		{6E7D0975-DCDD-43A0-AB9D-29BAF6350811}.Debug|Any CPU.ActiveCfg = Debug|Any CPU
		{6E7D0975-DCDD-43A0-AB9D-29BAF6350811}.Debug|Any CPU.Build.0 = Debug|Any CPU
		{6E7D0975-DCDD-43A0-AB9D-29BAF6350811}.Release|Any CPU.ActiveCfg = Release|Any CPU
		{6E7D0975-DCDD-43A0-AB9D-29BAF6350811}.Release|Any CPU.Build.0 = Release|Any CPU
		{29B6B574-9E44-4E9E-AFD2-6E08AF72B8DF}.Debug|Any CPU.ActiveCfg = Debug|Any CPU
		{29B6B574-9E44-4E9E-AFD2-6E08AF72B8DF}.Debug|Any CPU.Build.0 = Debug|Any CPU
		{29B6B574-9E44-4E9E-AFD2-6E08AF72B8DF}.Release|Any CPU.ActiveCfg = Release|Any CPU
		{29B6B574-9E44-4E9E-AFD2-6E08AF72B8DF}.Release|Any CPU.Build.0 = Release|Any CPU
	EndGlobalSection
	GlobalSection(SolutionProperties) = preSolution
		HideSolutionNode = FALSE
	EndGlobalSection
	GlobalSection(ExtensibilityGlobals) = postSolution
		SolutionGuid = {785C5F6D-83D9-4B77-A68A-12EB0CC1D5C3}
	EndGlobalSection
EndGlobal
