
Microsoft Visual Studio Solution File, Format Version 12.00
# Visual Studio Version 17
VisualStudioVersion = 17.2.32516.85
MinimumVisualStudioVersion = 10.0.40219.1
Project("{9A19103F-16F7-4668-BE54-9A1E7A4F7556}") = "BussinessManager", "BussinessManager\BussinessManager.csproj", "{AD3873C1-8B91-42B8-BFA0-C92C27898D43}"
EndProject
Project("{9A19103F-16F7-4668-BE54-9A1E7A4F7556}") = "UnitTests", "UnitTests\UnitTests.csproj", "{6E7D0975-DCDD-43A0-AB9D-29BAF6350811}"
EndProject
Project("{9A19103F-16F7-4668-BE54-9A1E7A4F7556}") = "ProductRevisionAppWPF", "ProductRevisionAppWPF\ProductRevisionAppWPF.csproj", "{29B6B574-9E44-4E9E-AFD2-6E08AF72B8DF}"
EndProject
Project("{9A19103F-16F7-4668-BE54-9A1E7A4F7556}") = "DataAndModels", "DataAndModels\DataAndModels.csproj", "{4496600D-7324-4812-A0FD-8E39EB1EC8AB}"
EndProject
Project("{FAE04EC0-301F-11D3-BF4B-00C04F79EFBC}") = "WebUI", "WebUI\WebUI.csproj", "{315D406B-FE42-4E39-8681-2249FCF76C22}"
EndProject
Global
	GlobalSection(SolutionConfigurationPlatforms) = preSolution
		Debug|Any CPU = Debug|Any CPU
		Release|Any CPU = Release|Any CPU
	EndGlobalSection
	GlobalSection(ProjectConfigurationPlatforms) = postSolution
		{AD3873C1-8B91-42B8-BFA0-C92C27898D43}.Debug|Any CPU.ActiveCfg = Debug|Any CPU
		{AD3873C1-8B91-42B8-BFA0-C92C27898D43}.Debug|Any CPU.Build.0 = Debug|Any CPU
		{AD3873C1-8B91-42B8-BFA0-C92C27898D43}.Release|Any CPU.ActiveCfg = Release|Any CPU
		{AD3873C1-8B91-42B8-BFA0-C92C27898D43}.Release|Any CPU.Build.0 = Release|Any CPU
		{6E7D0975-DCDD-43A0-AB9D-29BAF6350811}.Debug|Any CPU.ActiveCfg = Debug|Any CPU
		{6E7D0975-DCDD-43A0-AB9D-29BAF6350811}.Debug|Any CPU.Build.0 = Debug|Any CPU
		{6E7D0975-DCDD-43A0-AB9D-29BAF6350811}.Release|Any CPU.ActiveCfg = Release|Any CPU
		{6E7D0975-DCDD-43A0-AB9D-29BAF6350811}.Release|Any CPU.Build.0 = Release|Any CPU
		{29B6B574-9E44-4E9E-AFD2-6E08AF72B8DF}.Debug|Any CPU.ActiveCfg = Debug|Any CPU
		{29B6B574-9E44-4E9E-AFD2-6E08AF72B8DF}.Debug|Any CPU.Build.0 = Debug|Any CPU
		{29B6B574-9E44-4E9E-AFD2-6E08AF72B8DF}.Release|Any CPU.ActiveCfg = Release|Any CPU
		{29B6B574-9E44-4E9E-AFD2-6E08AF72B8DF}.Release|Any CPU.Build.0 = Release|Any CPU
		{4496600D-7324-4812-A0FD-8E39EB1EC8AB}.Debug|Any CPU.ActiveCfg = Debug|Any CPU
		{4496600D-7324-4812-A0FD-8E39EB1EC8AB}.Debug|Any CPU.Build.0 = Debug|Any CPU
		{4496600D-7324-4812-A0FD-8E39EB1EC8AB}.Release|Any CPU.ActiveCfg = Release|Any CPU
		{4496600D-7324-4812-A0FD-8E39EB1EC8AB}.Release|Any CPU.Build.0 = Release|Any CPU
		{315D406B-FE42-4E39-8681-2249FCF76C22}.Debug|Any CPU.ActiveCfg = Debug|Any CPU
		{315D406B-FE42-4E39-8681-2249FCF76C22}.Debug|Any CPU.Build.0 = Debug|Any CPU
		{315D406B-FE42-4E39-8681-2249FCF76C22}.Release|Any CPU.ActiveCfg = Release|Any CPU
		{315D406B-FE42-4E39-8681-2249FCF76C22}.Release|Any CPU.Build.0 = Release|Any CPU
	EndGlobalSection
	GlobalSection(SolutionProperties) = preSolution
		HideSolutionNode = FALSE
	EndGlobalSection
	GlobalSection(ExtensibilityGlobals) = postSolution
		SolutionGuid = {785C5F6D-83D9-4B77-A68A-12EB0CC1D5C3}
	EndGlobalSection
EndGlobal
